
Microsoft Visual Studio Solution File, Format Version 12.00
# Visual Studio Version 17
VisualStudioVersion = 17.10.34928.147
MinimumVisualStudioVersion = 10.0.40219.1
Project("{9A19103F-16F7-4668-BE54-9A1E7A4F7556}") = "httpinvoke", "httpinvoke\httpinvoke.csproj", "{797A802D-947D-4C91-B9BF-160E40C8EF74}"
EndProject
Project("{9A19103F-16F7-4668-BE54-9A1E7A4F7556}") = "WeatherForecastApi", "weatherforecastapi\WeatherForecastApi.csproj", "{B2414972-1FFA-4F9A-B57D-B49D1AEC627D}"
EndProject
Project("{E53339B2-1760-4266-BCC7-CA923CBCF16C}") = "docker-compose", "docker-compose.dcproj", "{7A24D358-7E2E-4D1D-A330-82FCCEE8E5CB}"
EndProject
Project("{9A19103F-16F7-4668-BE54-9A1E7A4F7556}") = "WeatherForecastApi2", "weatherforecastapi2\WeatherForecastApi2.csproj", "{176F68D4-861B-497A-B6C4-43D7F1B63B66}"
EndProject
Global
	GlobalSection(SolutionConfigurationPlatforms) = preSolution
		Debug|Any CPU = Debug|Any CPU
		Release|Any CPU = Release|Any CPU
	EndGlobalSection
	GlobalSection(ProjectConfigurationPlatforms) = postSolution
		{797A802D-947D-4C91-B9BF-160E40C8EF74}.Debug|Any CPU.ActiveCfg = Debug|Any CPU
		{797A802D-947D-4C91-B9BF-160E40C8EF74}.Debug|Any CPU.Build.0 = Debug|Any CPU
		{797A802D-947D-4C91-B9BF-160E40C8EF74}.Release|Any CPU.ActiveCfg = Release|Any CPU
		{797A802D-947D-4C91-B9BF-160E40C8EF74}.Release|Any CPU.Build.0 = Release|Any CPU
		{B2414972-1FFA-4F9A-B57D-B49D1AEC627D}.Debug|Any CPU.ActiveCfg = Debug|Any CPU
		{B2414972-1FFA-4F9A-B57D-B49D1AEC627D}.Debug|Any CPU.Build.0 = Debug|Any CPU
		{B2414972-1FFA-4F9A-B57D-B49D1AEC627D}.Release|Any CPU.ActiveCfg = Release|Any CPU
		{B2414972-1FFA-4F9A-B57D-B49D1AEC627D}.Release|Any CPU.Build.0 = Release|Any CPU
		{7A24D358-7E2E-4D1D-A330-82FCCEE8E5CB}.Debug|Any CPU.ActiveCfg = Debug|Any CPU
		{7A24D358-7E2E-4D1D-A330-82FCCEE8E5CB}.Debug|Any CPU.Build.0 = Debug|Any CPU
		{7A24D358-7E2E-4D1D-A330-82FCCEE8E5CB}.Release|Any CPU.ActiveCfg = Release|Any CPU
		{7A24D358-7E2E-4D1D-A330-82FCCEE8E5CB}.Release|Any CPU.Build.0 = Release|Any CPU
		{176F68D4-861B-497A-B6C4-43D7F1B63B66}.Debug|Any CPU.ActiveCfg = Debug|Any CPU
		{176F68D4-861B-497A-B6C4-43D7F1B63B66}.Debug|Any CPU.Build.0 = Debug|Any CPU
		{176F68D4-861B-497A-B6C4-43D7F1B63B66}.Release|Any CPU.ActiveCfg = Release|Any CPU
		{176F68D4-861B-497A-B6C4-43D7F1B63B66}.Release|Any CPU.Build.0 = Release|Any CPU
	EndGlobalSection
	GlobalSection(SolutionProperties) = preSolution
		HideSolutionNode = FALSE
	EndGlobalSection
	GlobalSection(ExtensibilityGlobals) = postSolution
		SolutionGuid = {A19AD2E6-CF24-4547-8C25-E53817495E01}
	EndGlobalSection
EndGlobal
